# This file is automatically @generated by Cargo.
# It is not intended for manual editing.
version = 4

[[package]]
name = "alloy-display-kernel"
version = "0.1.0"

[[package]]
name = "alloy-kernel-hal"
version = "0.1.0"

[[package]]
name = "alloy-kernel-rust"
version = "0.1.0"
dependencies = [
 "alloy-display-kernel",
 "alloy-kernel-hal",
]
